# This file is automatically @generated by Cargo.
# It is not intended for manual editing.
version = 4

[[package]]
name = "text_magic"
version = "0.1.0"
source = "registry+https://github.com/rust-lang/crates.io-index"
checksum = "03d91d6a6e50f390adc6e369721710e0dd5b6f6fdc62cb814b016ac124e95745"

[[package]]
name = "use_text_magic"
version = "0.1.0"
dependencies = [
 "text_magic",
]
